// !$*UTF8*$!
{
	archiveVersion = 1;
	classes = {
	};
	objectVersion = 55;
	objects = {

/* Begin PBXBuildFile section */
		323EF59928FBEE6A00DB7568 /* AppDelegate.swift in Sources */ = {isa = PBXBuildFile; fileRef = 323EF59828FBEE6A00DB7568 /* AppDelegate.swift */; };
		323EF59B28FBEE6A00DB7568 /* SceneDelegate.swift in Sources */ = {isa = PBXBuildFile; fileRef = 323EF59A28FBEE6A00DB7568 /* SceneDelegate.swift */; };
		323EF59D28FBEE6A00DB7568 /* AlertPresentingVC.swift in Sources */ = {isa = PBXBuildFile; fileRef = 323EF59C28FBEE6A00DB7568 /* AlertPresentingVC.swift */; };
		323EF5A028FBEE6A00DB7568 /* Main.storyboard in Resources */ = {isa = PBXBuildFile; fileRef = 323EF59E28FBEE6A00DB7568 /* Main.storyboard */; };
		323EF5A228FBEE7300DB7568 /* Assets.xcassets in Resources */ = {isa = PBXBuildFile; fileRef = 323EF5A128FBEE7300DB7568 /* Assets.xcassets */; };
		323EF5A528FBEE7300DB7568 /* LaunchScreen.storyboard in Resources */ = {isa = PBXBuildFile; fileRef = 323EF5A328FBEE7300DB7568 /* LaunchScreen.storyboard */; };
		323EF5AD28FBEF5300DB7568 /* AlertPresenting.swift in Sources */ = {isa = PBXBuildFile; fileRef = 323EF5AC28FBEF5300DB7568 /* AlertPresenting.swift */; };
/* End PBXBuildFile section */

/* Begin PBXFileReference section */
		323EF59528FBEE6A00DB7568 /* AlertPresenting.app */ = {isa = PBXFileReference; explicitFileType = wrapper.application; includeInIndex = 0; path = AlertPresenting.app; sourceTree = BUILT_PRODUCTS_DIR; };
		323EF59828FBEE6A00DB7568 /* AppDelegate.swift */ = {isa = PBXFileReference; lastKnownFileType = sourcecode.swift; path = AppDelegate.swift; sourceTree = "<group>"; };
		323EF59A28FBEE6A00DB7568 /* SceneDelegate.swift */ = {isa = PBXFileReference; lastKnownFileType = sourcecode.swift; path = SceneDelegate.swift; sourceTree = "<group>"; };
		323EF59C28FBEE6A00DB7568 /* AlertPresentingVC.swift */ = {isa = PBXFileReference; lastKnownFileType = sourcecode.swift; path = AlertPresentingVC.swift; sourceTree = "<group>"; };
		323EF59F28FBEE6A00DB7568 /* Base */ = {isa = PBXFileReference; lastKnownFileType = file.storyboard; name = Base; path = Base.lproj/Main.storyboard; sourceTree = "<group>"; };
		323EF5A128FBEE7300DB7568 /* Assets.xcassets */ = {isa = PBXFileReference; lastKnownFileType = folder.assetcatalog; path = Assets.xcassets; sourceTree = "<group>"; };
		323EF5A428FBEE7300DB7568 /* Base */ = {isa = PBXFileReference; lastKnownFileType = file.storyboard; name = Base; path = Base.lproj/LaunchScreen.storyboard; sourceTree = "<group>"; };
		323EF5A628FBEE7300DB7568 /* Info.plist */ = {isa = PBXFileReference; lastKnownFileType = text.plist.xml; path = Info.plist; sourceTree = "<group>"; };
		323EF5AC28FBEF5300DB7568 /* AlertPresenting.swift */ = {isa = PBXFileReference; lastKnownFileType = sourcecode.swift; path = AlertPresenting.swift; sourceTree = "<group>"; };
/* End PBXFileReference section */

/* Begin PBXFrameworksBuildPhase section */
		323EF59228FBEE6A00DB7568 /* Frameworks */ = {
			isa = PBXFrameworksBuildPhase;
			buildActionMask = 2147483647;
			files = (
			);
			runOnlyForDeploymentPostprocessing = 0;
		};
/* End PBXFrameworksBuildPhase section */

/* Begin PBXGroup section */
		323EF58C28FBEE6A00DB7568 = {
			isa = PBXGroup;
			children = (
				323EF59728FBEE6A00DB7568 /* AlertPresenting */,
				323EF59628FBEE6A00DB7568 /* Products */,
			);
			sourceTree = "<group>";
		};
		323EF59628FBEE6A00DB7568 /* Products */ = {
			isa = PBXGroup;
			children = (
				323EF59528FBEE6A00DB7568 /* AlertPresenting.app */,
			);
			name = Products;
			sourceTree = "<group>";
		};
		323EF59728FBEE6A00DB7568 /* AlertPresenting */ = {
			isa = PBXGroup;
			children = (
				323EF59828FBEE6A00DB7568 /* AppDelegate.swift */,
				323EF59A28FBEE6A00DB7568 /* SceneDelegate.swift */,
				323EF59C28FBEE6A00DB7568 /* AlertPresentingVC.swift */,
				323EF59E28FBEE6A00DB7568 /* Main.storyboard */,
				323EF5A128FBEE7300DB7568 /* Assets.xcassets */,
				323EF5A328FBEE7300DB7568 /* LaunchScreen.storyboard */,
				323EF5A628FBEE7300DB7568 /* Info.plist */,
				323EF5AC28FBEF5300DB7568 /* AlertPresenting.swift */,
			);
			path = AlertPresenting;
			sourceTree = "<group>";
		};
/* End PBXGroup section */

/* Begin PBXNativeTarget section */
		323EF59428FBEE6A00DB7568 /* AlertPresenting */ = {
			isa = PBXNativeTarget;
			buildConfigurationList = 323EF5A928FBEE7300DB7568 /* Build configuration list for PBXNativeTarget "AlertPresenting" */;
			buildPhases = (
				323EF59128FBEE6A00DB7568 /* Sources */,
				323EF59228FBEE6A00DB7568 /* Frameworks */,
				323EF59328FBEE6A00DB7568 /* Resources */,
			);
			buildRules = (
			);
			dependencies = (
			);
			name = AlertPresenting;
			productName = AlertPresenting;
			productReference = 323EF59528FBEE6A00DB7568 /* AlertPresenting.app */;
			productType = "com.apple.product-type.application";
		};
/* End PBXNativeTarget section */

/* Begin PBXProject section */
		323EF58D28FBEE6A00DB7568 /* Project object */ = {
			isa = PBXProject;
			attributes = {
				BuildIndependentTargetsInParallel = 1;
				LastSwiftUpdateCheck = 1320;
				LastUpgradeCheck = 1320;
				TargetAttributes = {
					323EF59428FBEE6A00DB7568 = {
						CreatedOnToolsVersion = 13.2;
					};
				};
			};
			buildConfigurationList = 323EF59028FBEE6A00DB7568 /* Build configuration list for PBXProject "AlertPresenting" */;
			compatibilityVersion = "Xcode 13.0";
			developmentRegion = en;
			hasScannedForEncodings = 0;
			knownRegions = (
				en,
				Base,
			);
			mainGroup = 323EF58C28FBEE6A00DB7568;
			productRefGroup = 323EF59628FBEE6A00DB7568 /* Products */;
			projectDirPath = "";
			projectRoot = "";
			targets = (
				323EF59428FBEE6A00DB7568 /* AlertPresenting */,
			);
		};
/* End PBXProject section */

/* Begin PBXResourcesBuildPhase section */
		323EF59328FBEE6A00DB7568 /* Resources */ = {
			isa = PBXResourcesBuildPhase;
			buildActionMask = 2147483647;
			files = (
				323EF5A528FBEE7300DB7568 /* LaunchScreen.storyboard in Resources */,
				323EF5A228FBEE7300DB7568 /* Assets.xcassets in Resources */,
				323EF5A028FBEE6A00DB7568 /* Main.storyboard in Resources */,
			);
			runOnlyForDeploymentPostprocessing = 0;
		};
/* End PBXResourcesBuildPhase section */

/* Begin PBXSourcesBuildPhase section */
		323EF59128FBEE6A00DB7568 /* Sources */ = {
			isa = PBXSourcesBuildPhase;
			buildActionMask = 2147483647;
			files = (
				323EF59D28FBEE6A00DB7568 /* AlertPresentingVC.swift in Sources */,
				323EF59928FBEE6A00DB7568 /* AppDelegate.swift in Sources */,
				323EF59B28FBEE6A00DB7568 /* SceneDelegate.swift in Sources */,
				323EF5AD28FBEF5300DB7568 /* AlertPresenting.swift in Sources */,
			);
			runOnlyForDeploymentPostprocessing = 0;
		};
/* End PBXSourcesBuildPhase section */

/* Begin PBXVariantGroup section */
		323EF59E28FBEE6A00DB7568 /* Main.storyboard */ = {
			isa = PBXVariantGroup;
			children = (
				323EF59F28FBEE6A00DB7568 /* Base */,
			);
			name = Main.storyboard;
			sourceTree = "<group>";
		};
		323EF5A328FBEE7300DB7568 /* LaunchScreen.storyboard */ = {
			isa = PBXVariantGroup;
			children = (
				323EF5A428FBEE7300DB7568 /* Base */,
			);
			name = LaunchScreen.storyboard;
			sourceTree = "<group>";
		};
/* End PBXVariantGroup section */

/* Begin XCBuildConfiguration section */
		323EF5A728FBEE7300DB7568 /* Debug */ = {
			isa = XCBuildConfiguration;
			buildSettings = {
				ALWAYS_SEARCH_USER_PATHS = NO;
				CLANG_ANALYZER_NONNULL = YES;
				CLANG_ANALYZER_NUMBER_OBJECT_CONVERSION = YES_AGGRESSIVE;
				CLANG_CXX_LANGUAGE_STANDARD = "gnu++17";
				CLANG_CXX_LIBRARY = "libc++";
				CLANG_ENABLE_MODULES = YES;
				CLANG_ENABLE_OBJC_ARC = YES;
				CLANG_ENABLE_OBJC_WEAK = YES;
				CLANG_WARN_BLOCK_CAPTURE_AUTORELEASING = YES;
				CLANG_WARN_BOOL_CONVERSION = YES;
				CLANG_WARN_COMMA = YES;
				CLANG_WARN_CONSTANT_CONVERSION = YES;
				CLANG_WARN_DEPRECATED_OBJC_IMPLEMENTATIONS = YES;
				CLANG_WARN_DIRECT_OBJC_ISA_USAGE = YES_ERROR;
				CLANG_WARN_DOCUMENTATION_COMMENTS = YES;
				CLANG_WARN_EMPTY_BODY = YES;
				CLANG_WARN_ENUM_CONVERSION = YES;
				CLANG_WARN_INFINITE_RECURSION = YES;
				CLANG_WARN_INT_CONVERSION = YES;
				CLANG_WARN_NON_LITERAL_NULL_CONVERSION = YES;
				CLANG_WARN_OBJC_IMPLICIT_RETAIN_SELF = YES;
				CLANG_WARN_OBJC_LITERAL_CONVERSION = YES;
				CLANG_WARN_OBJC_ROOT_CLASS = YES_ERROR;
				CLANG_WARN_QUOTED_INCLUDE_IN_FRAMEWORK_HEADER = YES;
				CLANG_WARN_RANGE_LOOP_ANALYSIS = YES;
				CLANG_WARN_STRICT_PROTOTYPES = YES;
				CLANG_WARN_SUSPICIOUS_MOVE = YES;
				CLANG_WARN_UNGUARDED_AVAILABILITY = YES_AGGRESSIVE;
				CLANG_WARN_UNREACHABLE_CODE = YES;
				CLANG_WARN__DUPLICATE_METHOD_MATCH = YES;
				COPY_PHASE_STRIP = NO;
				DEBUG_INFORMATION_FORMAT = dwarf;
				ENABLE_STRICT_OBJC_MSGSEND = YES;
				ENABLE_TESTABILITY = YES;
				GCC_C_LANGUAGE_STANDARD = gnu11;
				GCC_DYNAMIC_NO_PIC = NO;
				GCC_NO_COMMON_BLOCKS = YES;
				GCC_OPTIMIZATION_LEVEL = 0;
				GCC_PREPROCESSOR_DEFINITIONS = (
					"DEBUG=1",
					"$(inherited)",
				);
				GCC_WARN_64_TO_32_BIT_CONVERSION = YES;
				GCC_WARN_ABOUT_RETURN_TYPE = YES_ERROR;
				GCC_WARN_UNDECLARED_SELECTOR = YES;
				GCC_WARN_UNINITIALIZED_AUTOS = YES_AGGRESSIVE;
				GCC_WARN_UNUSED_FUNCTION = YES;
				GCC_WARN_UNUSED_VARIABLE = YES;
				IPHONEOS_DEPLOYMENT_TARGET = 15.2;
				MTL_ENABLE_DEBUG_INFO = INCLUDE_SOURCE;
				MTL_FAST_MATH = YES;
				ONLY_ACTIVE_ARCH = YES;
				SDKROOT = iphoneos;
				SWIFT_ACTIVE_COMPILATION_CONDITIONS = DEBUG;
				SWIFT_OPTIMIZATION_LEVEL = "-Onone";
			};
			name = Debug;
		};
		323EF5A828FBEE7300DB7568 /* Release */ = {
			isa = XCBuildConfiguration;
			buildSettings = {
				ALWAYS_SEARCH_USER_PATHS = NO;
				CLANG_ANALYZER_NONNULL = YES;
				CLANG_ANALYZER_NUMBER_OBJECT_CONVERSION = YES_AGGRESSIVE;
				CLANG_CXX_LANGUAGE_STANDARD = "gnu++17";
				CLANG_CXX_LIBRARY = "libc++";
				CLANG_ENABLE_MODULES = YES;
				CLANG_ENABLE_OBJC_ARC = YES;
				CLANG_ENABLE_OBJC_WEAK = YES;
				CLANG_WARN_BLOCK_CAPTURE_AUTORELEASING = YES;
				CLANG_WARN_BOOL_CONVERSION = YES;
				CLANG_WARN_COMMA = YES;
				CLANG_WARN_CONSTANT_CONVERSION = YES;
				CLANG_WARN_DEPRECATED_OBJC_IMPLEMENTATIONS = YES;
				CLANG_WARN_DIRECT_OBJC_ISA_USAGE = YES_ERROR;
				CLANG_WARN_DOCUMENTATION_COMMENTS = YES;
				CLANG_WARN_EMPTY_BODY = YES;
				CLANG_WARN_ENUM_CONVERSION = YES;
				CLANG_WARN_INFINITE_RECURSION = YES;
				CLANG_WARN_INT_CONVERSION = YES;
				CLANG_WARN_NON_LITERAL_NULL_CONVERSION = YES;
				CLANG_WARN_OBJC_IMPLICIT_RETAIN_SELF = YES;
				CLANG_WARN_OBJC_LITERAL_CONVERSION = YES;
				CLANG_WARN_OBJC_ROOT_CLASS = YES_ERROR;
				CLANG_WARN_QUOTED_INCLUDE_IN_FRAMEWORK_HEADER = YES;
				CLANG_WARN_RANGE_LOOP_ANALYSIS = YES;
				CLANG_WARN_STRICT_PROTOTYPES = YES;
				CLANG_WARN_SUSPICIOUS_MOVE = YES;
				CLANG_WARN_UNGUARDED_AVAILABILITY = YES_AGGRESSIVE;
				CLANG_WARN_UNREACHABLE_CODE = YES;
				CLANG_WARN__DUPLICATE_METHOD_MATCH = YES;
				COPY_PHASE_STRIP = NO;
				DEBUG_INFORMATION_FORMAT = "dwarf-with-dsym";
				ENABLE_NS_ASSERTIONS = NO;
				ENABLE_STRICT_OBJC_MSGSEND = YES;
				GCC_C_LANGUAGE_STANDARD = gnu11;
				GCC_NO_COMMON_BLOCKS = YES;
				GCC_WARN_64_TO_32_BIT_CONVERSION = YES;
				GCC_WARN_ABOUT_RETURN_TYPE = YES_ERROR;
				GCC_WARN_UNDECLARED_SELECTOR = YES;
				GCC_WARN_UNINITIALIZED_AUTOS = YES_AGGRESSIVE;
				GCC_WARN_UNUSED_FUNCTION = YES;
				GCC_WARN_UNUSED_VARIABLE = YES;
				IPHONEOS_DEPLOYMENT_TARGET = 15.2;
				MTL_ENABLE_DEBUG_INFO = NO;
				MTL_FAST_MATH = YES;
				SDKROOT = iphoneos;
				SWIFT_COMPILATION_MODE = wholemodule;
				SWIFT_OPTIMIZATION_LEVEL = "-O";
				VALIDATE_PRODUCT = YES;
			};
			name = Release;
		};
		323EF5AA28FBEE7300DB7568 /* Debug */ = {
			isa = XCBuildConfiguration;
			buildSettings = {
				ASSETCATALOG_COMPILER_APPICON_NAME = AppIcon;
				ASSETCATALOG_COMPILER_GLOBAL_ACCENT_COLOR_NAME = AccentColor;
				CODE_SIGN_STYLE = Automatic;
				CURRENT_PROJECT_VERSION = 1;
				GENERATE_INFOPLIST_FILE = YES;
				INFOPLIST_FILE = AlertPresenting/Info.plist;
				INFOPLIST_KEY_UIApplicationSupportsIndirectInputEvents = YES;
				INFOPLIST_KEY_UILaunchStoryboardName = LaunchScreen;
				INFOPLIST_KEY_UIMainStoryboardFile = Main;
				INFOPLIST_KEY_UISupportedInterfaceOrientations_iPad = "UIInterfaceOrientationPortrait UIInterfaceOrientationPortraitUpsideDown UIInterfaceOrientationLandscapeLeft UIInterfaceOrientationLandscapeRight";
				INFOPLIST_KEY_UISupportedInterfaceOrientations_iPhone = "UIInterfaceOrientationPortrait UIInterfaceOrientationLandscapeLeft UIInterfaceOrientationLandscapeRight";
				LD_RUNPATH_SEARCH_PATHS = (
					"$(inherited)",
					"@executable_path/Frameworks",
				);
				MARKETING_VERSION = 1.0;
				PRODUCT_BUNDLE_IDENTIFIER = com.intuit.AlertPresenting;
				PRODUCT_NAME = "$(TARGET_NAME)";
				SWIFT_EMIT_LOC_STRINGS = YES;
				SWIFT_VERSION = 5.0;
				TARGETED_DEVICE_FAMILY = "1,2";
			};
			name = Debug;
		};
		323EF5AB28FBEE7300DB7568 /* Release */ = {
			isa = XCBuildConfiguration;
			buildSettings = {
				ASSETCATALOG_COMPILER_APPICON_NAME = AppIcon;
				ASSETCATALOG_COMPILER_GLOBAL_ACCENT_COLOR_NAME = AccentColor;
				CODE_SIGN_STYLE = Automatic;
				CURRENT_PROJECT_VERSION = 1;
				GENERATE_INFOPLIST_FILE = YES;
				INFOPLIST_FILE = AlertPresenting/Info.plist;
				INFOPLIST_KEY_UIApplicationSupportsIndirectInputEvents = YES;
				INFOPLIST_KEY_UILaunchStoryboardName = LaunchScreen;
				INFOPLIST_KEY_UIMainStoryboardFile = Main;
				INFOPLIST_KEY_UISupportedInterfaceOrientations_iPad = "UIInterfaceOrientationPortrait UIInterfaceOrientationPortraitUpsideDown UIInterfaceOrientationLandscapeLeft UIInterfaceOrientationLandscapeRight";
				INFOPLIST_KEY_UISupportedInterfaceOrientations_iPhone = "UIInterfaceOrientationPortrait UIInterfaceOrientationLandscapeLeft UIInterfaceOrientationLandscapeRight";
				LD_RUNPATH_SEARCH_PATHS = (
					"$(inherited)",
					"@executable_path/Frameworks",
				);
				MARKETING_VERSION = 1.0;
				PRODUCT_BUNDLE_IDENTIFIER = com.intuit.AlertPresenting;
				PRODUCT_NAME = "$(TARGET_NAME)";
				SWIFT_EMIT_LOC_STRINGS = YES;
				SWIFT_VERSION = 5.0;
				TARGETED_DEVICE_FAMILY = "1,2";
			};
			name = Release;
		};
/* End XCBuildConfiguration section */

/* Begin XCConfigurationList section */
		323EF59028FBEE6A00DB7568 /* Build configuration list for PBXProject "AlertPresenting" */ = {
			isa = XCConfigurationList;
			buildConfigurations = (
				323EF5A728FBEE7300DB7568 /* Debug */,
				323EF5A828FBEE7300DB7568 /* Release */,
			);
			defaultConfigurationIsVisible = 0;
			defaultConfigurationName = Release;
		};
		323EF5A928FBEE7300DB7568 /* Build configuration list for PBXNativeTarget "AlertPresenting" */ = {
			isa = XCConfigurationList;
			buildConfigurations = (
				323EF5AA28FBEE7300DB7568 /* Debug */,
				323EF5AB28FBEE7300DB7568 /* Release */,
			);
			defaultConfigurationIsVisible = 0;
			defaultConfigurationName = Release;
		};
/* End XCConfigurationList section */
	};
	rootObject = 323EF58D28FBEE6A00DB7568 /* Project object */;
}
