// !$*UTF8*$!
{
	archiveVersion = 1;
	classes = {
	};
	objectVersion = 50;
	objects = {

/* Begin PBXBuildFile section */
		2DEC174E29AF44BB00003A1A /* AppConfiguration.swift in Sources */ = {isa = PBXBuildFile; fileRef = 2DEC174D29AF44BB00003A1A /* AppConfiguration.swift */; };
		99ABD1F12521EDB700BE753C /* AppDelegate.swift in Sources */ = {isa = PBXBuildFile; fileRef = 99ABD1F02521EDB700BE753C /* AppDelegate.swift */; };
		99ABD1F32521EDB700BE753C /* SceneDelegate.swift in Sources */ = {isa = PBXBuildFile; fileRef = 99ABD1F22521EDB700BE753C /* SceneDelegate.swift */; };
		99ABD1F52521EDB700BE753C /* ViewController.swift in Sources */ = {isa = PBXBuildFile; fileRef = 99ABD1F42521EDB700BE753C /* ViewController.swift */; };
		99ABD1F82521EDB700BE753C /* Main.storyboard in Resources */ = {isa = PBXBuildFile; fileRef = 99ABD1F62521EDB700BE753C /* Main.storyboard */; };
		99ABD1FA2521EDB900BE753C /* Assets.xcassets in Resources */ = {isa = PBXBuildFile; fileRef = 99ABD1F92521EDB900BE753C /* Assets.xcassets */; };
		99ABD1FD2521EDB900BE753C /* LaunchScreen.storyboard in Resources */ = {isa = PBXBuildFile; fileRef = 99ABD1FB2521EDB900BE753C /* LaunchScreen.storyboard */; };
		99ABD2292522075400BE753C /* Config-Prod.xcconfig in Resources */ = {isa = PBXBuildFile; fileRef = 99ABD2282522075400BE753C /* Config-Prod.xcconfig */; };
		99ABD24A25220FE000BE753C /* AppConfigConstants.swift in Sources */ = {isa = PBXBuildFile; fileRef = 99ABD24925220FE000BE753C /* AppConfigConstants.swift */; };
		99ABD24D25220FEF00BE753C /* Utility.swift in Sources */ = {isa = PBXBuildFile; fileRef = 99ABD24C25220FEF00BE753C /* Utility.swift */; };
/* End PBXBuildFile section */

/* Begin PBXFileReference section */
		2DEC174D29AF44BB00003A1A /* AppConfiguration.swift */ = {isa = PBXFileReference; lastKnownFileType = sourcecode.swift; path = AppConfiguration.swift; sourceTree = "<group>"; };
		99ABD1ED2521EDB700BE753C /* DevApp.app */ = {isa = PBXFileReference; explicitFileType = wrapper.application; includeInIndex = 0; path = DevApp.app; sourceTree = BUILT_PRODUCTS_DIR; };
		99ABD1F02521EDB700BE753C /* AppDelegate.swift */ = {isa = PBXFileReference; lastKnownFileType = sourcecode.swift; path = AppDelegate.swift; sourceTree = "<group>"; };
		99ABD1F22521EDB700BE753C /* SceneDelegate.swift */ = {isa = PBXFileReference; lastKnownFileType = sourcecode.swift; path = SceneDelegate.swift; sourceTree = "<group>"; };
		99ABD1F42521EDB700BE753C /* ViewController.swift */ = {isa = PBXFileReference; lastKnownFileType = sourcecode.swift; path = ViewController.swift; sourceTree = "<group>"; };
		99ABD1F72521EDB700BE753C /* Base */ = {isa = PBXFileReference; lastKnownFileType = file.storyboard; name = Base; path = Base.lproj/Main.storyboard; sourceTree = "<group>"; };
		99ABD1F92521EDB900BE753C /* Assets.xcassets */ = {isa = PBXFileReference; lastKnownFileType = folder.assetcatalog; path = Assets.xcassets; sourceTree = "<group>"; };
		99ABD1FC2521EDB900BE753C /* Base */ = {isa = PBXFileReference; lastKnownFileType = file.storyboard; name = Base; path = Base.lproj/LaunchScreen.storyboard; sourceTree = "<group>"; };
		99ABD1FE2521EDB900BE753C /* Info.plist */ = {isa = PBXFileReference; lastKnownFileType = text.plist.xml; path = Info.plist; sourceTree = "<group>"; };
		99ABD2282522075400BE753C /* Config-Prod.xcconfig */ = {isa = PBXFileReference; lastKnownFileType = text.xcconfig; path = "Config-Prod.xcconfig"; sourceTree = "<group>"; };
		99ABD2352522077E00BE753C /* Config-QA.xcconfig */ = {isa = PBXFileReference; lastKnownFileType = text.xcconfig; path = "Config-QA.xcconfig"; sourceTree = "<group>"; };
		99ABD23D2522079400BE753C /* Config-Dev.xcconfig */ = {isa = PBXFileReference; lastKnownFileType = text.xcconfig; path = "Config-Dev.xcconfig"; sourceTree = "<group>"; };
		99ABD24925220FE000BE753C /* AppConfigConstants.swift */ = {isa = PBXFileReference; lastKnownFileType = sourcecode.swift; path = AppConfigConstants.swift; sourceTree = "<group>"; };
		99ABD24C25220FEF00BE753C /* Utility.swift */ = {isa = PBXFileReference; lastKnownFileType = sourcecode.swift; path = Utility.swift; sourceTree = "<group>"; };
/* End PBXFileReference section */

/* Begin PBXFrameworksBuildPhase section */
		99ABD1EA2521EDB700BE753C /* Frameworks */ = {
			isa = PBXFrameworksBuildPhase;
			buildActionMask = 2147483647;
			files = (
			);
			runOnlyForDeploymentPostprocessing = 0;
		};
/* End PBXFrameworksBuildPhase section */

/* Begin PBXGroup section */
		99ABD1E42521EDB700BE753C = {
			isa = PBXGroup;
			children = (
				99ABD1EF2521EDB700BE753C /* iOSBaseAppSetup */,
				99ABD1EE2521EDB700BE753C /* Products */,
			);
			sourceTree = "<group>";
		};
		99ABD1EE2521EDB700BE753C /* Products */ = {
			isa = PBXGroup;
			children = (
				99ABD1ED2521EDB700BE753C /* DevApp.app */,
			);
			name = Products;
			sourceTree = "<group>";
		};
		99ABD1EF2521EDB700BE753C /* iOSBaseAppSetup */ = {
			isa = PBXGroup;
			children = (
				99ABD1F02521EDB700BE753C /* AppDelegate.swift */,
				99ABD1F22521EDB700BE753C /* SceneDelegate.swift */,
				99ABD1F42521EDB700BE753C /* ViewController.swift */,
				99ABD1F62521EDB700BE753C /* Main.storyboard */,
				99ABD1F92521EDB900BE753C /* Assets.xcassets */,
				99ABD1FB2521EDB900BE753C /* LaunchScreen.storyboard */,
				99ABD2282522075400BE753C /* Config-Prod.xcconfig */,
				99ABD2352522077E00BE753C /* Config-QA.xcconfig */,
				99ABD23D2522079400BE753C /* Config-Dev.xcconfig */,
				99ABD1FE2521EDB900BE753C /* Info.plist */,
				99ABD24925220FE000BE753C /* AppConfigConstants.swift */,
				2DEC174D29AF44BB00003A1A /* AppConfiguration.swift */,
				99ABD24C25220FEF00BE753C /* Utility.swift */,
			);
			path = iOSBaseAppSetup;
			sourceTree = "<group>";
		};
/* End PBXGroup section */

/* Begin PBXNativeTarget section */
		99ABD1EC2521EDB700BE753C /* iOSBaseAppSetup */ = {
			isa = PBXNativeTarget;
			buildConfigurationList = 99ABD2012521EDB900BE753C /* Build configuration list for PBXNativeTarget "iOSBaseAppSetup" */;
			buildPhases = (
				99ABD1E92521EDB700BE753C /* Sources */,
				99ABD1EA2521EDB700BE753C /* Frameworks */,
				99ABD1EB2521EDB700BE753C /* Resources */,
			);
			buildRules = (
			);
			dependencies = (
			);
			name = iOSBaseAppSetup;
			productName = iOSBaseAppSetup;
			productReference = 99ABD1ED2521EDB700BE753C /* DevApp.app */;
			productType = "com.apple.product-type.application";
		};
/* End PBXNativeTarget section */

/* Begin PBXProject section */
		99ABD1E52521EDB700BE753C /* Project object */ = {
			isa = PBXProject;
			attributes = {
				LastSwiftUpdateCheck = 1200;
				LastUpgradeCheck = 1200;
				TargetAttributes = {
					99ABD1EC2521EDB700BE753C = {
						CreatedOnToolsVersion = 12.0;
					};
				};
			};
			buildConfigurationList = 99ABD1E82521EDB700BE753C /* Build configuration list for PBXProject "iOSBaseAppSetup" */;
			compatibilityVersion = "Xcode 9.3";
			developmentRegion = en;
			hasScannedForEncodings = 0;
			knownRegions = (
				en,
				Base,
			);
			mainGroup = 99ABD1E42521EDB700BE753C;
			productRefGroup = 99ABD1EE2521EDB700BE753C /* Products */;
			projectDirPath = "";
			projectRoot = "";
			targets = (
				99ABD1EC2521EDB700BE753C /* iOSBaseAppSetup */,
			);
		};
/* End PBXProject section */

/* Begin PBXResourcesBuildPhase section */
		99ABD1EB2521EDB700BE753C /* Resources */ = {
			isa = PBXResourcesBuildPhase;
			buildActionMask = 2147483647;
			files = (
				99ABD1FD2521EDB900BE753C /* LaunchScreen.storyboard in Resources */,
				99ABD1FA2521EDB900BE753C /* Assets.xcassets in Resources */,
				99ABD1F82521EDB700BE753C /* Main.storyboard in Resources */,
				99ABD2292522075400BE753C /* Config-Prod.xcconfig in Resources */,
			);
			runOnlyForDeploymentPostprocessing = 0;
		};
/* End PBXResourcesBuildPhase section */

/* Begin PBXSourcesBuildPhase section */
		99ABD1E92521EDB700BE753C /* Sources */ = {
			isa = PBXSourcesBuildPhase;
			buildActionMask = 2147483647;
			files = (
				2DEC174E29AF44BB00003A1A /* AppConfiguration.swift in Sources */,
				99ABD24D25220FEF00BE753C /* Utility.swift in Sources */,
				99ABD1F52521EDB700BE753C /* ViewController.swift in Sources */,
				99ABD1F12521EDB700BE753C /* AppDelegate.swift in Sources */,
				99ABD1F32521EDB700BE753C /* SceneDelegate.swift in Sources */,
				99ABD24A25220FE000BE753C /* AppConfigConstants.swift in Sources */,
			);
			runOnlyForDeploymentPostprocessing = 0;
		};
/* End PBXSourcesBuildPhase section */

/* Begin PBXVariantGroup section */
		99ABD1F62521EDB700BE753C /* Main.storyboard */ = {
			isa = PBXVariantGroup;
			children = (
				99ABD1F72521EDB700BE753C /* Base */,
			);
			name = Main.storyboard;
			sourceTree = "<group>";
		};
		99ABD1FB2521EDB900BE753C /* LaunchScreen.storyboard */ = {
			isa = PBXVariantGroup;
			children = (
				99ABD1FC2521EDB900BE753C /* Base */,
			);
			name = LaunchScreen.storyboard;
			sourceTree = "<group>";
		};
/* End PBXVariantGroup section */

/* Begin XCBuildConfiguration section */
		99ABD1FF2521EDB900BE753C /* Debug-Dev */ = {
			isa = XCBuildConfiguration;
			baseConfigurationReference = 99ABD23D2522079400BE753C /* Config-Dev.xcconfig */;
			buildSettings = {
				ALWAYS_SEARCH_USER_PATHS = NO;
				CLANG_ANALYZER_NONNULL = YES;
				CLANG_ANALYZER_NUMBER_OBJECT_CONVERSION = YES_AGGRESSIVE;
				CLANG_CXX_LANGUAGE_STANDARD = "gnu++14";
				CLANG_CXX_LIBRARY = "libc++";
				CLANG_ENABLE_MODULES = YES;
				CLANG_ENABLE_OBJC_ARC = YES;
				CLANG_ENABLE_OBJC_WEAK = YES;
				CLANG_WARN_BLOCK_CAPTURE_AUTORELEASING = YES;
				CLANG_WARN_BOOL_CONVERSION = YES;
				CLANG_WARN_COMMA = YES;
				CLANG_WARN_CONSTANT_CONVERSION = YES;
				CLANG_WARN_DEPRECATED_OBJC_IMPLEMENTATIONS = YES;
				CLANG_WARN_DIRECT_OBJC_ISA_USAGE = YES_ERROR;
				CLANG_WARN_DOCUMENTATION_COMMENTS = YES;
				CLANG_WARN_EMPTY_BODY = YES;
				CLANG_WARN_ENUM_CONVERSION = YES;
				CLANG_WARN_INFINITE_RECURSION = YES;
				CLANG_WARN_INT_CONVERSION = YES;
				CLANG_WARN_NON_LITERAL_NULL_CONVERSION = YES;
				CLANG_WARN_OBJC_IMPLICIT_RETAIN_SELF = YES;
				CLANG_WARN_OBJC_LITERAL_CONVERSION = YES;
				CLANG_WARN_OBJC_ROOT_CLASS = YES_ERROR;
				CLANG_WARN_QUOTED_INCLUDE_IN_FRAMEWORK_HEADER = YES;
				CLANG_WARN_RANGE_LOOP_ANALYSIS = YES;
				CLANG_WARN_STRICT_PROTOTYPES = YES;
				CLANG_WARN_SUSPICIOUS_MOVE = YES;
				CLANG_WARN_UNGUARDED_AVAILABILITY = YES_AGGRESSIVE;
				CLANG_WARN_UNREACHABLE_CODE = YES;
				CLANG_WARN__DUPLICATE_METHOD_MATCH = YES;
				COPY_PHASE_STRIP = NO;
				DEBUG_INFORMATION_FORMAT = dwarf;
				ENABLE_STRICT_OBJC_MSGSEND = YES;
				ENABLE_TESTABILITY = YES;
				GCC_C_LANGUAGE_STANDARD = gnu11;
				GCC_DYNAMIC_NO_PIC = NO;
				GCC_NO_COMMON_BLOCKS = YES;
				GCC_OPTIMIZATION_LEVEL = 0;
				GCC_PREPROCESSOR_DEFINITIONS = (
					"DEBUG=1",
					"$(inherited)",
				);
				GCC_WARN_64_TO_32_BIT_CONVERSION = YES;
				GCC_WARN_ABOUT_RETURN_TYPE = YES_ERROR;
				GCC_WARN_UNDECLARED_SELECTOR = YES;
				GCC_WARN_UNINITIALIZED_AUTOS = YES_AGGRESSIVE;
				GCC_WARN_UNUSED_FUNCTION = YES;
				GCC_WARN_UNUSED_VARIABLE = YES;
				INFOPLIST_FILE = iOSBaseAppSetup/info.plist;
				IPHONEOS_DEPLOYMENT_TARGET = 14.0;
				MTL_ENABLE_DEBUG_INFO = INCLUDE_SOURCE;
				MTL_FAST_MATH = YES;
				ONLY_ACTIVE_ARCH = YES;
				SDKROOT = iphoneos;
				SWIFT_ACTIVE_COMPILATION_CONDITIONS = DEBUG;
				SWIFT_OPTIMIZATION_LEVEL = "-Onone";
			};
			name = "Debug-Dev";
		};
		99ABD2002521EDB900BE753C /* Release-Prod */ = {
			isa = XCBuildConfiguration;
			baseConfigurationReference = 99ABD2282522075400BE753C /* Config-Prod.xcconfig */;
			buildSettings = {
				ALWAYS_SEARCH_USER_PATHS = NO;
				CLANG_ANALYZER_NONNULL = YES;
				CLANG_ANALYZER_NUMBER_OBJECT_CONVERSION = YES_AGGRESSIVE;
				CLANG_CXX_LANGUAGE_STANDARD = "gnu++14";
				CLANG_CXX_LIBRARY = "libc++";
				CLANG_ENABLE_MODULES = YES;
				CLANG_ENABLE_OBJC_ARC = YES;
				CLANG_ENABLE_OBJC_WEAK = YES;
				CLANG_WARN_BLOCK_CAPTURE_AUTORELEASING = YES;
				CLANG_WARN_BOOL_CONVERSION = YES;
				CLANG_WARN_COMMA = YES;
				CLANG_WARN_CONSTANT_CONVERSION = YES;
				CLANG_WARN_DEPRECATED_OBJC_IMPLEMENTATIONS = YES;
				CLANG_WARN_DIRECT_OBJC_ISA_USAGE = YES_ERROR;
				CLANG_WARN_DOCUMENTATION_COMMENTS = YES;
				CLANG_WARN_EMPTY_BODY = YES;
				CLANG_WARN_ENUM_CONVERSION = YES;
				CLANG_WARN_INFINITE_RECURSION = YES;
				CLANG_WARN_INT_CONVERSION = YES;
				CLANG_WARN_NON_LITERAL_NULL_CONVERSION = YES;
				CLANG_WARN_OBJC_IMPLICIT_RETAIN_SELF = YES;
				CLANG_WARN_OBJC_LITERAL_CONVERSION = YES;
				CLANG_WARN_OBJC_ROOT_CLASS = YES_ERROR;
				CLANG_WARN_QUOTED_INCLUDE_IN_FRAMEWORK_HEADER = YES;
				CLANG_WARN_RANGE_LOOP_ANALYSIS = YES;
				CLANG_WARN_STRICT_PROTOTYPES = YES;
				CLANG_WARN_SUSPICIOUS_MOVE = YES;
				CLANG_WARN_UNGUARDED_AVAILABILITY = YES_AGGRESSIVE;
				CLANG_WARN_UNREACHABLE_CODE = YES;
				CLANG_WARN__DUPLICATE_METHOD_MATCH = YES;
				COPY_PHASE_STRIP = NO;
				DEBUG_INFORMATION_FORMAT = "dwarf-with-dsym";
				ENABLE_NS_ASSERTIONS = NO;
				ENABLE_STRICT_OBJC_MSGSEND = YES;
				GCC_C_LANGUAGE_STANDARD = gnu11;
				GCC_NO_COMMON_BLOCKS = YES;
				GCC_WARN_64_TO_32_BIT_CONVERSION = YES;
				GCC_WARN_ABOUT_RETURN_TYPE = YES_ERROR;
				GCC_WARN_UNDECLARED_SELECTOR = YES;
				GCC_WARN_UNINITIALIZED_AUTOS = YES_AGGRESSIVE;
				GCC_WARN_UNUSED_FUNCTION = YES;
				GCC_WARN_UNUSED_VARIABLE = YES;
				INFOPLIST_FILE = iOSBaseAppSetup/info.plist;
				IPHONEOS_DEPLOYMENT_TARGET = 14.0;
				MTL_ENABLE_DEBUG_INFO = NO;
				MTL_FAST_MATH = YES;
				SDKROOT = iphoneos;
				SWIFT_COMPILATION_MODE = wholemodule;
				SWIFT_OPTIMIZATION_LEVEL = "-O";
				VALIDATE_PRODUCT = YES;
			};
			name = "Release-Prod";
		};
		99ABD2022521EDB900BE753C /* Debug-Dev */ = {
			isa = XCBuildConfiguration;
			baseConfigurationReference = 99ABD23D2522079400BE753C /* Config-Dev.xcconfig */;
			buildSettings = {
				ASSETCATALOG_COMPILER_APPICON_NAME = AppIconDev;
				ASSETCATALOG_COMPILER_GLOBAL_ACCENT_COLOR_NAME = AccentColor;
				CODE_SIGN_STYLE = Automatic;
				DEVELOPMENT_TEAM = UQN7GH636G;
				INFOPLIST_FILE = iOSBaseAppSetup/Info.plist;
				LD_RUNPATH_SEARCH_PATHS = (
					"$(inherited)",
					"@executable_path/Frameworks",
				);
				PRODUCT_BUNDLE_IDENTIFIER = "$(APP_BUNDLE_IDENTIFIER)";
				PRODUCT_NAME = "$(APP_NAME)";
				SWIFT_VERSION = 5.0;
				TARGETED_DEVICE_FAMILY = "1,2";
			};
			name = "Debug-Dev";
		};
		99ABD2032521EDB900BE753C /* Release-Prod */ = {
			isa = XCBuildConfiguration;
			baseConfigurationReference = 99ABD2282522075400BE753C /* Config-Prod.xcconfig */;
			buildSettings = {
				ASSETCATALOG_COMPILER_APPICON_NAME = AppIconProd;
				ASSETCATALOG_COMPILER_GLOBAL_ACCENT_COLOR_NAME = AccentColor;
				CODE_SIGN_STYLE = Automatic;
				DEVELOPMENT_TEAM = UQN7GH636G;
				INFOPLIST_FILE = iOSBaseAppSetup/Info.plist;
				LD_RUNPATH_SEARCH_PATHS = (
					"$(inherited)",
					"@executable_path/Frameworks",
				);
				PRODUCT_BUNDLE_IDENTIFIER = "$(APP_BUNDLE_IDENTIFIER)";
				PRODUCT_NAME = "$(APP_NAME)";
				SWIFT_VERSION = 5.0;
				TARGETED_DEVICE_FAMILY = "1,2";
			};
			name = "Release-Prod";
		};
		99ABD250252210C100BE753C /* Debug-Prod */ = {
			isa = XCBuildConfiguration;
			baseConfigurationReference = 99ABD2282522075400BE753C /* Config-Prod.xcconfig */;
			buildSettings = {
				ALWAYS_SEARCH_USER_PATHS = NO;
				CLANG_ANALYZER_NONNULL = YES;
				CLANG_ANALYZER_NUMBER_OBJECT_CONVERSION = YES_AGGRESSIVE;
				CLANG_CXX_LANGUAGE_STANDARD = "gnu++14";
				CLANG_CXX_LIBRARY = "libc++";
				CLANG_ENABLE_MODULES = YES;
				CLANG_ENABLE_OBJC_ARC = YES;
				CLANG_ENABLE_OBJC_WEAK = YES;
				CLANG_WARN_BLOCK_CAPTURE_AUTORELEASING = YES;
				CLANG_WARN_BOOL_CONVERSION = YES;
				CLANG_WARN_COMMA = YES;
				CLANG_WARN_CONSTANT_CONVERSION = YES;
				CLANG_WARN_DEPRECATED_OBJC_IMPLEMENTATIONS = YES;
				CLANG_WARN_DIRECT_OBJC_ISA_USAGE = YES_ERROR;
				CLANG_WARN_DOCUMENTATION_COMMENTS = YES;
				CLANG_WARN_EMPTY_BODY = YES;
				CLANG_WARN_ENUM_CONVERSION = YES;
				CLANG_WARN_INFINITE_RECURSION = YES;
				CLANG_WARN_INT_CONVERSION = YES;
				CLANG_WARN_NON_LITERAL_NULL_CONVERSION = YES;
				CLANG_WARN_OBJC_IMPLICIT_RETAIN_SELF = YES;
				CLANG_WARN_OBJC_LITERAL_CONVERSION = YES;
				CLANG_WARN_OBJC_ROOT_CLASS = YES_ERROR;
				CLANG_WARN_QUOTED_INCLUDE_IN_FRAMEWORK_HEADER = YES;
				CLANG_WARN_RANGE_LOOP_ANALYSIS = YES;
				CLANG_WARN_STRICT_PROTOTYPES = YES;
				CLANG_WARN_SUSPICIOUS_MOVE = YES;
				CLANG_WARN_UNGUARDED_AVAILABILITY = YES_AGGRESSIVE;
				CLANG_WARN_UNREACHABLE_CODE = YES;
				CLANG_WARN__DUPLICATE_METHOD_MATCH = YES;
				COPY_PHASE_STRIP = NO;
				DEBUG_INFORMATION_FORMAT = dwarf;
				ENABLE_STRICT_OBJC_MSGSEND = YES;
				ENABLE_TESTABILITY = YES;
				GCC_C_LANGUAGE_STANDARD = gnu11;
				GCC_DYNAMIC_NO_PIC = NO;
				GCC_NO_COMMON_BLOCKS = YES;
				GCC_OPTIMIZATION_LEVEL = 0;
				GCC_PREPROCESSOR_DEFINITIONS = (
					"DEBUG=1",
					"$(inherited)",
				);
				GCC_WARN_64_TO_32_BIT_CONVERSION = YES;
				GCC_WARN_ABOUT_RETURN_TYPE = YES_ERROR;
				GCC_WARN_UNDECLARED_SELECTOR = YES;
				GCC_WARN_UNINITIALIZED_AUTOS = YES_AGGRESSIVE;
				GCC_WARN_UNUSED_FUNCTION = YES;
				GCC_WARN_UNUSED_VARIABLE = YES;
				INFOPLIST_FILE = iOSBaseAppSetup/info.plist;
				IPHONEOS_DEPLOYMENT_TARGET = 14.0;
				MTL_ENABLE_DEBUG_INFO = INCLUDE_SOURCE;
				MTL_FAST_MATH = YES;
				ONLY_ACTIVE_ARCH = YES;
				SDKROOT = iphoneos;
				SWIFT_ACTIVE_COMPILATION_CONDITIONS = DEBUG;
				SWIFT_OPTIMIZATION_LEVEL = "-Onone";
			};
			name = "Debug-Prod";
		};
		99ABD251252210C100BE753C /* Debug-Prod */ = {
			isa = XCBuildConfiguration;
			baseConfigurationReference = 99ABD2282522075400BE753C /* Config-Prod.xcconfig */;
			buildSettings = {
				ASSETCATALOG_COMPILER_APPICON_NAME = AppIconProd;
				ASSETCATALOG_COMPILER_GLOBAL_ACCENT_COLOR_NAME = AccentColor;
				CODE_SIGN_STYLE = Automatic;
				DEVELOPMENT_TEAM = UQN7GH636G;
				INFOPLIST_FILE = iOSBaseAppSetup/Info.plist;
				LD_RUNPATH_SEARCH_PATHS = (
					"$(inherited)",
					"@executable_path/Frameworks",
				);
				PRODUCT_BUNDLE_IDENTIFIER = "$(APP_BUNDLE_IDENTIFIER)";
				PRODUCT_NAME = "$(APP_NAME)";
				SWIFT_VERSION = 5.0;
				TARGETED_DEVICE_FAMILY = "1,2";
			};
			name = "Debug-Prod";
		};
		99ABD252252210C500BE753C /* Debug-QA */ = {
			isa = XCBuildConfiguration;
			baseConfigurationReference = 99ABD2352522077E00BE753C /* Config-QA.xcconfig */;
			buildSettings = {
				ALWAYS_SEARCH_USER_PATHS = NO;
				CLANG_ANALYZER_NONNULL = YES;
				CLANG_ANALYZER_NUMBER_OBJECT_CONVERSION = YES_AGGRESSIVE;
				CLANG_CXX_LANGUAGE_STANDARD = "gnu++14";
				CLANG_CXX_LIBRARY = "libc++";
				CLANG_ENABLE_MODULES = YES;
				CLANG_ENABLE_OBJC_ARC = YES;
				CLANG_ENABLE_OBJC_WEAK = YES;
				CLANG_WARN_BLOCK_CAPTURE_AUTORELEASING = YES;
				CLANG_WARN_BOOL_CONVERSION = YES;
				CLANG_WARN_COMMA = YES;
				CLANG_WARN_CONSTANT_CONVERSION = YES;
				CLANG_WARN_DEPRECATED_OBJC_IMPLEMENTATIONS = YES;
				CLANG_WARN_DIRECT_OBJC_ISA_USAGE = YES_ERROR;
				CLANG_WARN_DOCUMENTATION_COMMENTS = YES;
				CLANG_WARN_EMPTY_BODY = YES;
				CLANG_WARN_ENUM_CONVERSION = YES;
				CLANG_WARN_INFINITE_RECURSION = YES;
				CLANG_WARN_INT_CONVERSION = YES;
				CLANG_WARN_NON_LITERAL_NULL_CONVERSION = YES;
				CLANG_WARN_OBJC_IMPLICIT_RETAIN_SELF = YES;
				CLANG_WARN_OBJC_LITERAL_CONVERSION = YES;
				CLANG_WARN_OBJC_ROOT_CLASS = YES_ERROR;
				CLANG_WARN_QUOTED_INCLUDE_IN_FRAMEWORK_HEADER = YES;
				CLANG_WARN_RANGE_LOOP_ANALYSIS = YES;
				CLANG_WARN_STRICT_PROTOTYPES = YES;
				CLANG_WARN_SUSPICIOUS_MOVE = YES;
				CLANG_WARN_UNGUARDED_AVAILABILITY = YES_AGGRESSIVE;
				CLANG_WARN_UNREACHABLE_CODE = YES;
				CLANG_WARN__DUPLICATE_METHOD_MATCH = YES;
				COPY_PHASE_STRIP = NO;
				DEBUG_INFORMATION_FORMAT = dwarf;
				ENABLE_STRICT_OBJC_MSGSEND = YES;
				ENABLE_TESTABILITY = YES;
				GCC_C_LANGUAGE_STANDARD = gnu11;
				GCC_DYNAMIC_NO_PIC = NO;
				GCC_NO_COMMON_BLOCKS = YES;
				GCC_OPTIMIZATION_LEVEL = 0;
				GCC_PREPROCESSOR_DEFINITIONS = (
					"DEBUG=1",
					"$(inherited)",
				);
				GCC_WARN_64_TO_32_BIT_CONVERSION = YES;
				GCC_WARN_ABOUT_RETURN_TYPE = YES_ERROR;
				GCC_WARN_UNDECLARED_SELECTOR = YES;
				GCC_WARN_UNINITIALIZED_AUTOS = YES_AGGRESSIVE;
				GCC_WARN_UNUSED_FUNCTION = YES;
				GCC_WARN_UNUSED_VARIABLE = YES;
				INFOPLIST_FILE = iOSBaseAppSetup/info.plist;
				IPHONEOS_DEPLOYMENT_TARGET = 14.0;
				MTL_ENABLE_DEBUG_INFO = INCLUDE_SOURCE;
				MTL_FAST_MATH = YES;
				ONLY_ACTIVE_ARCH = YES;
				SDKROOT = iphoneos;
				SWIFT_ACTIVE_COMPILATION_CONDITIONS = DEBUG;
				SWIFT_OPTIMIZATION_LEVEL = "-Onone";
			};
			name = "Debug-QA";
		};
		99ABD253252210C500BE753C /* Debug-QA */ = {
			isa = XCBuildConfiguration;
			baseConfigurationReference = 99ABD2352522077E00BE753C /* Config-QA.xcconfig */;
			buildSettings = {
				ASSETCATALOG_COMPILER_APPICON_NAME = AppIconQA;
				ASSETCATALOG_COMPILER_GLOBAL_ACCENT_COLOR_NAME = AccentColor;
				CODE_SIGN_STYLE = Automatic;
				DEVELOPMENT_TEAM = UQN7GH636G;
				INFOPLIST_FILE = iOSBaseAppSetup/Info.plist;
				LD_RUNPATH_SEARCH_PATHS = (
					"$(inherited)",
					"@executable_path/Frameworks",
				);
				PRODUCT_BUNDLE_IDENTIFIER = "$(APP_BUNDLE_IDENTIFIER)";
				PRODUCT_NAME = "$(APP_NAME)";
				SWIFT_VERSION = 5.0;
				TARGETED_DEVICE_FAMILY = "1,2";
			};
			name = "Debug-QA";
		};
		99ABD254252210C900BE753C /* Release-Dev */ = {
			isa = XCBuildConfiguration;
			baseConfigurationReference = 99ABD23D2522079400BE753C /* Config-Dev.xcconfig */;
			buildSettings = {
				ALWAYS_SEARCH_USER_PATHS = NO;
				CLANG_ANALYZER_NONNULL = YES;
				CLANG_ANALYZER_NUMBER_OBJECT_CONVERSION = YES_AGGRESSIVE;
				CLANG_CXX_LANGUAGE_STANDARD = "gnu++14";
				CLANG_CXX_LIBRARY = "libc++";
				CLANG_ENABLE_MODULES = YES;
				CLANG_ENABLE_OBJC_ARC = YES;
				CLANG_ENABLE_OBJC_WEAK = YES;
				CLANG_WARN_BLOCK_CAPTURE_AUTORELEASING = YES;
				CLANG_WARN_BOOL_CONVERSION = YES;
				CLANG_WARN_COMMA = YES;
				CLANG_WARN_CONSTANT_CONVERSION = YES;
				CLANG_WARN_DEPRECATED_OBJC_IMPLEMENTATIONS = YES;
				CLANG_WARN_DIRECT_OBJC_ISA_USAGE = YES_ERROR;
				CLANG_WARN_DOCUMENTATION_COMMENTS = YES;
				CLANG_WARN_EMPTY_BODY = YES;
				CLANG_WARN_ENUM_CONVERSION = YES;
				CLANG_WARN_INFINITE_RECURSION = YES;
				CLANG_WARN_INT_CONVERSION = YES;
				CLANG_WARN_NON_LITERAL_NULL_CONVERSION = YES;
				CLANG_WARN_OBJC_IMPLICIT_RETAIN_SELF = YES;
				CLANG_WARN_OBJC_LITERAL_CONVERSION = YES;
				CLANG_WARN_OBJC_ROOT_CLASS = YES_ERROR;
				CLANG_WARN_QUOTED_INCLUDE_IN_FRAMEWORK_HEADER = YES;
				CLANG_WARN_RANGE_LOOP_ANALYSIS = YES;
				CLANG_WARN_STRICT_PROTOTYPES = YES;
				CLANG_WARN_SUSPICIOUS_MOVE = YES;
				CLANG_WARN_UNGUARDED_AVAILABILITY = YES_AGGRESSIVE;
				CLANG_WARN_UNREACHABLE_CODE = YES;
				CLANG_WARN__DUPLICATE_METHOD_MATCH = YES;
				COPY_PHASE_STRIP = NO;
				DEBUG_INFORMATION_FORMAT = "dwarf-with-dsym";
				ENABLE_NS_ASSERTIONS = NO;
				ENABLE_STRICT_OBJC_MSGSEND = YES;
				GCC_C_LANGUAGE_STANDARD = gnu11;
				GCC_NO_COMMON_BLOCKS = YES;
				GCC_WARN_64_TO_32_BIT_CONVERSION = YES;
				GCC_WARN_ABOUT_RETURN_TYPE = YES_ERROR;
				GCC_WARN_UNDECLARED_SELECTOR = YES;
				GCC_WARN_UNINITIALIZED_AUTOS = YES_AGGRESSIVE;
				GCC_WARN_UNUSED_FUNCTION = YES;
				GCC_WARN_UNUSED_VARIABLE = YES;
				INFOPLIST_FILE = iOSBaseAppSetup/info.plist;
				IPHONEOS_DEPLOYMENT_TARGET = 14.0;
				MTL_ENABLE_DEBUG_INFO = NO;
				MTL_FAST_MATH = YES;
				SDKROOT = iphoneos;
				SWIFT_COMPILATION_MODE = wholemodule;
				SWIFT_OPTIMIZATION_LEVEL = "-O";
				VALIDATE_PRODUCT = YES;
			};
			name = "Release-Dev";
		};
		99ABD255252210C900BE753C /* Release-Dev */ = {
			isa = XCBuildConfiguration;
			baseConfigurationReference = 99ABD23D2522079400BE753C /* Config-Dev.xcconfig */;
			buildSettings = {
				ASSETCATALOG_COMPILER_APPICON_NAME = AppIconDev;
				ASSETCATALOG_COMPILER_GLOBAL_ACCENT_COLOR_NAME = AccentColor;
				CODE_SIGN_STYLE = Automatic;
				DEVELOPMENT_TEAM = UQN7GH636G;
				INFOPLIST_FILE = iOSBaseAppSetup/Info.plist;
				LD_RUNPATH_SEARCH_PATHS = (
					"$(inherited)",
					"@executable_path/Frameworks",
				);
				PRODUCT_BUNDLE_IDENTIFIER = "$(APP_BUNDLE_IDENTIFIER)";
				PRODUCT_NAME = "$(APP_NAME)";
				SWIFT_VERSION = 5.0;
				TARGETED_DEVICE_FAMILY = "1,2";
			};
			name = "Release-Dev";
		};
		99ABD256252210CD00BE753C /* Release-QA */ = {
			isa = XCBuildConfiguration;
			baseConfigurationReference = 99ABD2352522077E00BE753C /* Config-QA.xcconfig */;
			buildSettings = {
				ALWAYS_SEARCH_USER_PATHS = NO;
				CLANG_ANALYZER_NONNULL = YES;
				CLANG_ANALYZER_NUMBER_OBJECT_CONVERSION = YES_AGGRESSIVE;
				CLANG_CXX_LANGUAGE_STANDARD = "gnu++14";
				CLANG_CXX_LIBRARY = "libc++";
				CLANG_ENABLE_MODULES = YES;
				CLANG_ENABLE_OBJC_ARC = YES;
				CLANG_ENABLE_OBJC_WEAK = YES;
				CLANG_WARN_BLOCK_CAPTURE_AUTORELEASING = YES;
				CLANG_WARN_BOOL_CONVERSION = YES;
				CLANG_WARN_COMMA = YES;
				CLANG_WARN_CONSTANT_CONVERSION = YES;
				CLANG_WARN_DEPRECATED_OBJC_IMPLEMENTATIONS = YES;
				CLANG_WARN_DIRECT_OBJC_ISA_USAGE = YES_ERROR;
				CLANG_WARN_DOCUMENTATION_COMMENTS = YES;
				CLANG_WARN_EMPTY_BODY = YES;
				CLANG_WARN_ENUM_CONVERSION = YES;
				CLANG_WARN_INFINITE_RECURSION = YES;
				CLANG_WARN_INT_CONVERSION = YES;
				CLANG_WARN_NON_LITERAL_NULL_CONVERSION = YES;
				CLANG_WARN_OBJC_IMPLICIT_RETAIN_SELF = YES;
				CLANG_WARN_OBJC_LITERAL_CONVERSION = YES;
				CLANG_WARN_OBJC_ROOT_CLASS = YES_ERROR;
				CLANG_WARN_QUOTED_INCLUDE_IN_FRAMEWORK_HEADER = YES;
				CLANG_WARN_RANGE_LOOP_ANALYSIS = YES;
				CLANG_WARN_STRICT_PROTOTYPES = YES;
				CLANG_WARN_SUSPICIOUS_MOVE = YES;
				CLANG_WARN_UNGUARDED_AVAILABILITY = YES_AGGRESSIVE;
				CLANG_WARN_UNREACHABLE_CODE = YES;
				CLANG_WARN__DUPLICATE_METHOD_MATCH = YES;
				COPY_PHASE_STRIP = NO;
				DEBUG_INFORMATION_FORMAT = "dwarf-with-dsym";
				ENABLE_NS_ASSERTIONS = NO;
				ENABLE_STRICT_OBJC_MSGSEND = YES;
				GCC_C_LANGUAGE_STANDARD = gnu11;
				GCC_NO_COMMON_BLOCKS = YES;
				GCC_WARN_64_TO_32_BIT_CONVERSION = YES;
				GCC_WARN_ABOUT_RETURN_TYPE = YES_ERROR;
				GCC_WARN_UNDECLARED_SELECTOR = YES;
				GCC_WARN_UNINITIALIZED_AUTOS = YES_AGGRESSIVE;
				GCC_WARN_UNUSED_FUNCTION = YES;
				GCC_WARN_UNUSED_VARIABLE = YES;
				INFOPLIST_FILE = iOSBaseAppSetup/info.plist;
				IPHONEOS_DEPLOYMENT_TARGET = 14.0;
				MTL_ENABLE_DEBUG_INFO = NO;
				MTL_FAST_MATH = YES;
				SDKROOT = iphoneos;
				SWIFT_COMPILATION_MODE = wholemodule;
				SWIFT_OPTIMIZATION_LEVEL = "-O";
				VALIDATE_PRODUCT = YES;
			};
			name = "Release-QA";
		};
		99ABD257252210CD00BE753C /* Release-QA */ = {
			isa = XCBuildConfiguration;
			baseConfigurationReference = 99ABD2352522077E00BE753C /* Config-QA.xcconfig */;
			buildSettings = {
				ASSETCATALOG_COMPILER_APPICON_NAME = AppIconQA;
				ASSETCATALOG_COMPILER_GLOBAL_ACCENT_COLOR_NAME = AccentColor;
				CODE_SIGN_STYLE = Automatic;
				DEVELOPMENT_TEAM = UQN7GH636G;
				INFOPLIST_FILE = iOSBaseAppSetup/Info.plist;
				LD_RUNPATH_SEARCH_PATHS = (
					"$(inherited)",
					"@executable_path/Frameworks",
				);
				PRODUCT_BUNDLE_IDENTIFIER = "$(APP_BUNDLE_IDENTIFIER)";
				PRODUCT_NAME = "$(APP_NAME)";
				SWIFT_VERSION = 5.0;
				TARGETED_DEVICE_FAMILY = "1,2";
			};
			name = "Release-QA";
		};
/* End XCBuildConfiguration section */

/* Begin XCConfigurationList section */
		99ABD1E82521EDB700BE753C /* Build configuration list for PBXProject "iOSBaseAppSetup" */ = {
			isa = XCConfigurationList;
			buildConfigurations = (
				99ABD1FF2521EDB900BE753C /* Debug-Dev */,
				99ABD252252210C500BE753C /* Debug-QA */,
				99ABD250252210C100BE753C /* Debug-Prod */,
				99ABD2002521EDB900BE753C /* Release-Prod */,
				99ABD256252210CD00BE753C /* Release-QA */,
				99ABD254252210C900BE753C /* Release-Dev */,
			);
			defaultConfigurationIsVisible = 0;
			defaultConfigurationName = "Release-Dev";
		};
		99ABD2012521EDB900BE753C /* Build configuration list for PBXNativeTarget "iOSBaseAppSetup" */ = {
			isa = XCConfigurationList;
			buildConfigurations = (
				99ABD2022521EDB900BE753C /* Debug-Dev */,
				99ABD253252210C500BE753C /* Debug-QA */,
				99ABD251252210C100BE753C /* Debug-Prod */,
				99ABD2032521EDB900BE753C /* Release-Prod */,
				99ABD257252210CD00BE753C /* Release-QA */,
				99ABD255252210C900BE753C /* Release-Dev */,
			);
			defaultConfigurationIsVisible = 0;
			defaultConfigurationName = "Release-Dev";
		};
/* End XCConfigurationList section */
	};
	rootObject = 99ABD1E52521EDB700BE753C /* Project object */;
}
