// !$*UTF8*$!
{
	archiveVersion = 1;
	classes = {
	};
	objectVersion = 50;
	objects = {

/* Begin PBXBuildFile section */
		2DA8C2422511B5A8009859A1 /* AppDelegate.swift in Sources */ = {isa = PBXBuildFile; fileRef = 2DA8C2412511B5A8009859A1 /* AppDelegate.swift */; };
		2DA8C2442511B5A8009859A1 /* SceneDelegate.swift in Sources */ = {isa = PBXBuildFile; fileRef = 2DA8C2432511B5A8009859A1 /* SceneDelegate.swift */; };
		2DA8C2462511B5A8009859A1 /* ViewController.swift in Sources */ = {isa = PBXBuildFile; fileRef = 2DA8C2452511B5A8009859A1 /* ViewController.swift */; };
		2DA8C2492511B5A8009859A1 /* Main.storyboard in Resources */ = {isa = PBXBuildFile; fileRef = 2DA8C2472511B5A8009859A1 /* Main.storyboard */; };
		2DA8C24B2511B5AB009859A1 /* Assets.xcassets in Resources */ = {isa = PBXBuildFile; fileRef = 2DA8C24A2511B5AB009859A1 /* Assets.xcassets */; };
		2DA8C24E2511B5AB009859A1 /* LaunchScreen.storyboard in Resources */ = {isa = PBXBuildFile; fileRef = 2DA8C24C2511B5AB009859A1 /* LaunchScreen.storyboard */; };
		2DA8C2592511B5AB009859A1 /* SlideDownMenuTests.swift in Sources */ = {isa = PBXBuildFile; fileRef = 2DA8C2582511B5AB009859A1 /* SlideDownMenuTests.swift */; };
		2DA8C2642511B5AB009859A1 /* SlideDownMenuUITests.swift in Sources */ = {isa = PBXBuildFile; fileRef = 2DA8C2632511B5AB009859A1 /* SlideDownMenuUITests.swift */; };
/* End PBXBuildFile section */

/* Begin PBXContainerItemProxy section */
		2DA8C2552511B5AB009859A1 /* PBXContainerItemProxy */ = {
			isa = PBXContainerItemProxy;
			containerPortal = 2DA8C2362511B5A8009859A1 /* Project object */;
			proxyType = 1;
			remoteGlobalIDString = 2DA8C23D2511B5A8009859A1;
			remoteInfo = SlideDownMenu;
		};
		2DA8C2602511B5AB009859A1 /* PBXContainerItemProxy */ = {
			isa = PBXContainerItemProxy;
			containerPortal = 2DA8C2362511B5A8009859A1 /* Project object */;
			proxyType = 1;
			remoteGlobalIDString = 2DA8C23D2511B5A8009859A1;
			remoteInfo = SlideDownMenu;
		};
/* End PBXContainerItemProxy section */

/* Begin PBXFileReference section */
		2DA8C23E2511B5A8009859A1 /* SlideDownMenu.app */ = {isa = PBXFileReference; explicitFileType = wrapper.application; includeInIndex = 0; path = SlideDownMenu.app; sourceTree = BUILT_PRODUCTS_DIR; };
		2DA8C2412511B5A8009859A1 /* AppDelegate.swift */ = {isa = PBXFileReference; lastKnownFileType = sourcecode.swift; path = AppDelegate.swift; sourceTree = "<group>"; };
		2DA8C2432511B5A8009859A1 /* SceneDelegate.swift */ = {isa = PBXFileReference; lastKnownFileType = sourcecode.swift; path = SceneDelegate.swift; sourceTree = "<group>"; };
		2DA8C2452511B5A8009859A1 /* ViewController.swift */ = {isa = PBXFileReference; lastKnownFileType = sourcecode.swift; path = ViewController.swift; sourceTree = "<group>"; };
		2DA8C2482511B5A8009859A1 /* Base */ = {isa = PBXFileReference; lastKnownFileType = file.storyboard; name = Base; path = Base.lproj/Main.storyboard; sourceTree = "<group>"; };
		2DA8C24A2511B5AB009859A1 /* Assets.xcassets */ = {isa = PBXFileReference; lastKnownFileType = folder.assetcatalog; path = Assets.xcassets; sourceTree = "<group>"; };
		2DA8C24D2511B5AB009859A1 /* Base */ = {isa = PBXFileReference; lastKnownFileType = file.storyboard; name = Base; path = Base.lproj/LaunchScreen.storyboard; sourceTree = "<group>"; };
		2DA8C24F2511B5AB009859A1 /* Info.plist */ = {isa = PBXFileReference; lastKnownFileType = text.plist.xml; path = Info.plist; sourceTree = "<group>"; };
		2DA8C2542511B5AB009859A1 /* SlideDownMenuTests.xctest */ = {isa = PBXFileReference; explicitFileType = wrapper.cfbundle; includeInIndex = 0; path = SlideDownMenuTests.xctest; sourceTree = BUILT_PRODUCTS_DIR; };
		2DA8C2582511B5AB009859A1 /* SlideDownMenuTests.swift */ = {isa = PBXFileReference; lastKnownFileType = sourcecode.swift; path = SlideDownMenuTests.swift; sourceTree = "<group>"; };
		2DA8C25A2511B5AB009859A1 /* Info.plist */ = {isa = PBXFileReference; lastKnownFileType = text.plist.xml; path = Info.plist; sourceTree = "<group>"; };
		2DA8C25F2511B5AB009859A1 /* SlideDownMenuUITests.xctest */ = {isa = PBXFileReference; explicitFileType = wrapper.cfbundle; includeInIndex = 0; path = SlideDownMenuUITests.xctest; sourceTree = BUILT_PRODUCTS_DIR; };
		2DA8C2632511B5AB009859A1 /* SlideDownMenuUITests.swift */ = {isa = PBXFileReference; lastKnownFileType = sourcecode.swift; path = SlideDownMenuUITests.swift; sourceTree = "<group>"; };
		2DA8C2652511B5AB009859A1 /* Info.plist */ = {isa = PBXFileReference; lastKnownFileType = text.plist.xml; path = Info.plist; sourceTree = "<group>"; };
/* End PBXFileReference section */

/* Begin PBXFrameworksBuildPhase section */
		2DA8C23B2511B5A8009859A1 /* Frameworks */ = {
			isa = PBXFrameworksBuildPhase;
			buildActionMask = 2147483647;
			files = (
			);
			runOnlyForDeploymentPostprocessing = 0;
		};
		2DA8C2512511B5AB009859A1 /* Frameworks */ = {
			isa = PBXFrameworksBuildPhase;
			buildActionMask = 2147483647;
			files = (
			);
			runOnlyForDeploymentPostprocessing = 0;
		};
		2DA8C25C2511B5AB009859A1 /* Frameworks */ = {
			isa = PBXFrameworksBuildPhase;
			buildActionMask = 2147483647;
			files = (
			);
			runOnlyForDeploymentPostprocessing = 0;
		};
/* End PBXFrameworksBuildPhase section */

/* Begin PBXGroup section */
		2DA8C2352511B5A8009859A1 = {
			isa = PBXGroup;
			children = (
				2DA8C2402511B5A8009859A1 /* SlideDownMenu */,
				2DA8C2572511B5AB009859A1 /* SlideDownMenuTests */,
				2DA8C2622511B5AB009859A1 /* SlideDownMenuUITests */,
				2DA8C23F2511B5A8009859A1 /* Products */,
			);
			sourceTree = "<group>";
		};
		2DA8C23F2511B5A8009859A1 /* Products */ = {
			isa = PBXGroup;
			children = (
				2DA8C23E2511B5A8009859A1 /* SlideDownMenu.app */,
				2DA8C2542511B5AB009859A1 /* SlideDownMenuTests.xctest */,
				2DA8C25F2511B5AB009859A1 /* SlideDownMenuUITests.xctest */,
			);
			name = Products;
			sourceTree = "<group>";
		};
		2DA8C2402511B5A8009859A1 /* SlideDownMenu */ = {
			isa = PBXGroup;
			children = (
				2DA8C2412511B5A8009859A1 /* AppDelegate.swift */,
				2DA8C2432511B5A8009859A1 /* SceneDelegate.swift */,
				2DA8C2452511B5A8009859A1 /* ViewController.swift */,
				2DA8C2472511B5A8009859A1 /* Main.storyboard */,
				2DA8C24A2511B5AB009859A1 /* Assets.xcassets */,
				2DA8C24C2511B5AB009859A1 /* LaunchScreen.storyboard */,
				2DA8C24F2511B5AB009859A1 /* Info.plist */,
			);
			path = SlideDownMenu;
			sourceTree = "<group>";
		};
		2DA8C2572511B5AB009859A1 /* SlideDownMenuTests */ = {
			isa = PBXGroup;
			children = (
				2DA8C2582511B5AB009859A1 /* SlideDownMenuTests.swift */,
				2DA8C25A2511B5AB009859A1 /* Info.plist */,
			);
			path = SlideDownMenuTests;
			sourceTree = "<group>";
		};
		2DA8C2622511B5AB009859A1 /* SlideDownMenuUITests */ = {
			isa = PBXGroup;
			children = (
				2DA8C2632511B5AB009859A1 /* SlideDownMenuUITests.swift */,
				2DA8C2652511B5AB009859A1 /* Info.plist */,
			);
			path = SlideDownMenuUITests;
			sourceTree = "<group>";
		};
/* End PBXGroup section */

/* Begin PBXNativeTarget section */
		2DA8C23D2511B5A8009859A1 /* SlideDownMenu */ = {
			isa = PBXNativeTarget;
			buildConfigurationList = 2DA8C2682511B5AB009859A1 /* Build configuration list for PBXNativeTarget "SlideDownMenu" */;
			buildPhases = (
				2DA8C23A2511B5A8009859A1 /* Sources */,
				2DA8C23B2511B5A8009859A1 /* Frameworks */,
				2DA8C23C2511B5A8009859A1 /* Resources */,
			);
			buildRules = (
			);
			dependencies = (
			);
			name = SlideDownMenu;
			productName = SlideDownMenu;
			productReference = 2DA8C23E2511B5A8009859A1 /* SlideDownMenu.app */;
			productType = "com.apple.product-type.application";
		};
		2DA8C2532511B5AB009859A1 /* SlideDownMenuTests */ = {
			isa = PBXNativeTarget;
			buildConfigurationList = 2DA8C26B2511B5AB009859A1 /* Build configuration list for PBXNativeTarget "SlideDownMenuTests" */;
			buildPhases = (
				2DA8C2502511B5AB009859A1 /* Sources */,
				2DA8C2512511B5AB009859A1 /* Frameworks */,
				2DA8C2522511B5AB009859A1 /* Resources */,
			);
			buildRules = (
			);
			dependencies = (
				2DA8C2562511B5AB009859A1 /* PBXTargetDependency */,
			);
			name = SlideDownMenuTests;
			productName = SlideDownMenuTests;
			productReference = 2DA8C2542511B5AB009859A1 /* SlideDownMenuTests.xctest */;
			productType = "com.apple.product-type.bundle.unit-test";
		};
		2DA8C25E2511B5AB009859A1 /* SlideDownMenuUITests */ = {
			isa = PBXNativeTarget;
			buildConfigurationList = 2DA8C26E2511B5AB009859A1 /* Build configuration list for PBXNativeTarget "SlideDownMenuUITests" */;
			buildPhases = (
				2DA8C25B2511B5AB009859A1 /* Sources */,
				2DA8C25C2511B5AB009859A1 /* Frameworks */,
				2DA8C25D2511B5AB009859A1 /* Resources */,
			);
			buildRules = (
			);
			dependencies = (
				2DA8C2612511B5AB009859A1 /* PBXTargetDependency */,
			);
			name = SlideDownMenuUITests;
			productName = SlideDownMenuUITests;
			productReference = 2DA8C25F2511B5AB009859A1 /* SlideDownMenuUITests.xctest */;
			productType = "com.apple.product-type.bundle.ui-testing";
		};
/* End PBXNativeTarget section */

/* Begin PBXProject section */
		2DA8C2362511B5A8009859A1 /* Project object */ = {
			isa = PBXProject;
			attributes = {
				LastSwiftUpdateCheck = 1150;
				LastUpgradeCheck = 1150;
				ORGANIZATIONNAME = TuffyTiffany;
				TargetAttributes = {
					2DA8C23D2511B5A8009859A1 = {
						CreatedOnToolsVersion = 11.5;
					};
					2DA8C2532511B5AB009859A1 = {
						CreatedOnToolsVersion = 11.5;
						TestTargetID = 2DA8C23D2511B5A8009859A1;
					};
					2DA8C25E2511B5AB009859A1 = {
						CreatedOnToolsVersion = 11.5;
						TestTargetID = 2DA8C23D2511B5A8009859A1;
					};
				};
			};
			buildConfigurationList = 2DA8C2392511B5A8009859A1 /* Build configuration list for PBXProject "SlideDownMenu" */;
			compatibilityVersion = "Xcode 9.3";
			developmentRegion = en;
			hasScannedForEncodings = 0;
			knownRegions = (
				en,
				Base,
			);
			mainGroup = 2DA8C2352511B5A8009859A1;
			productRefGroup = 2DA8C23F2511B5A8009859A1 /* Products */;
			projectDirPath = "";
			projectRoot = "";
			targets = (
				2DA8C23D2511B5A8009859A1 /* SlideDownMenu */,
				2DA8C2532511B5AB009859A1 /* SlideDownMenuTests */,
				2DA8C25E2511B5AB009859A1 /* SlideDownMenuUITests */,
			);
		};
/* End PBXProject section */

/* Begin PBXResourcesBuildPhase section */
		2DA8C23C2511B5A8009859A1 /* Resources */ = {
			isa = PBXResourcesBuildPhase;
			buildActionMask = 2147483647;
			files = (
				2DA8C24E2511B5AB009859A1 /* LaunchScreen.storyboard in Resources */,
				2DA8C24B2511B5AB009859A1 /* Assets.xcassets in Resources */,
				2DA8C2492511B5A8009859A1 /* Main.storyboard in Resources */,
			);
			runOnlyForDeploymentPostprocessing = 0;
		};
		2DA8C2522511B5AB009859A1 /* Resources */ = {
			isa = PBXResourcesBuildPhase;
			buildActionMask = 2147483647;
			files = (
			);
			runOnlyForDeploymentPostprocessing = 0;
		};
		2DA8C25D2511B5AB009859A1 /* Resources */ = {
			isa = PBXResourcesBuildPhase;
			buildActionMask = 2147483647;
			files = (
			);
			runOnlyForDeploymentPostprocessing = 0;
		};
/* End PBXResourcesBuildPhase section */

/* Begin PBXSourcesBuildPhase section */
		2DA8C23A2511B5A8009859A1 /* Sources */ = {
			isa = PBXSourcesBuildPhase;
			buildActionMask = 2147483647;
			files = (
				2DA8C2462511B5A8009859A1 /* ViewController.swift in Sources */,
				2DA8C2422511B5A8009859A1 /* AppDelegate.swift in Sources */,
				2DA8C2442511B5A8009859A1 /* SceneDelegate.swift in Sources */,
			);
			runOnlyForDeploymentPostprocessing = 0;
		};
		2DA8C2502511B5AB009859A1 /* Sources */ = {
			isa = PBXSourcesBuildPhase;
			buildActionMask = 2147483647;
			files = (
				2DA8C2592511B5AB009859A1 /* SlideDownMenuTests.swift in Sources */,
			);
			runOnlyForDeploymentPostprocessing = 0;
		};
		2DA8C25B2511B5AB009859A1 /* Sources */ = {
			isa = PBXSourcesBuildPhase;
			buildActionMask = 2147483647;
			files = (
				2DA8C2642511B5AB009859A1 /* SlideDownMenuUITests.swift in Sources */,
			);
			runOnlyForDeploymentPostprocessing = 0;
		};
/* End PBXSourcesBuildPhase section */

/* Begin PBXTargetDependency section */
		2DA8C2562511B5AB009859A1 /* PBXTargetDependency */ = {
			isa = PBXTargetDependency;
			target = 2DA8C23D2511B5A8009859A1 /* SlideDownMenu */;
			targetProxy = 2DA8C2552511B5AB009859A1 /* PBXContainerItemProxy */;
		};
		2DA8C2612511B5AB009859A1 /* PBXTargetDependency */ = {
			isa = PBXTargetDependency;
			target = 2DA8C23D2511B5A8009859A1 /* SlideDownMenu */;
			targetProxy = 2DA8C2602511B5AB009859A1 /* PBXContainerItemProxy */;
		};
/* End PBXTargetDependency section */

/* Begin PBXVariantGroup section */
		2DA8C2472511B5A8009859A1 /* Main.storyboard */ = {
			isa = PBXVariantGroup;
			children = (
				2DA8C2482511B5A8009859A1 /* Base */,
			);
			name = Main.storyboard;
			sourceTree = "<group>";
		};
		2DA8C24C2511B5AB009859A1 /* LaunchScreen.storyboard */ = {
			isa = PBXVariantGroup;
			children = (
				2DA8C24D2511B5AB009859A1 /* Base */,
			);
			name = LaunchScreen.storyboard;
			sourceTree = "<group>";
		};
/* End PBXVariantGroup section */

/* Begin XCBuildConfiguration section */
		2DA8C2662511B5AB009859A1 /* Debug */ = {
			isa = XCBuildConfiguration;
			buildSettings = {
				ALWAYS_SEARCH_USER_PATHS = NO;
				CLANG_ANALYZER_NONNULL = YES;
				CLANG_ANALYZER_NUMBER_OBJECT_CONVERSION = YES_AGGRESSIVE;
				CLANG_CXX_LANGUAGE_STANDARD = "gnu++14";
				CLANG_CXX_LIBRARY = "libc++";
				CLANG_ENABLE_MODULES = YES;
				CLANG_ENABLE_OBJC_ARC = YES;
				CLANG_ENABLE_OBJC_WEAK = YES;
				CLANG_WARN_BLOCK_CAPTURE_AUTORELEASING = YES;
				CLANG_WARN_BOOL_CONVERSION = YES;
				CLANG_WARN_COMMA = YES;
				CLANG_WARN_CONSTANT_CONVERSION = YES;
				CLANG_WARN_DEPRECATED_OBJC_IMPLEMENTATIONS = YES;
				CLANG_WARN_DIRECT_OBJC_ISA_USAGE = YES_ERROR;
				CLANG_WARN_DOCUMENTATION_COMMENTS = YES;
				CLANG_WARN_EMPTY_BODY = YES;
				CLANG_WARN_ENUM_CONVERSION = YES;
				CLANG_WARN_INFINITE_RECURSION = YES;
				CLANG_WARN_INT_CONVERSION = YES;
				CLANG_WARN_NON_LITERAL_NULL_CONVERSION = YES;
				CLANG_WARN_OBJC_IMPLICIT_RETAIN_SELF = YES;
				CLANG_WARN_OBJC_LITERAL_CONVERSION = YES;
				CLANG_WARN_OBJC_ROOT_CLASS = YES_ERROR;
				CLANG_WARN_RANGE_LOOP_ANALYSIS = YES;
				CLANG_WARN_STRICT_PROTOTYPES = YES;
				CLANG_WARN_SUSPICIOUS_MOVE = YES;
				CLANG_WARN_UNGUARDED_AVAILABILITY = YES_AGGRESSIVE;
				CLANG_WARN_UNREACHABLE_CODE = YES;
				CLANG_WARN__DUPLICATE_METHOD_MATCH = YES;
				COPY_PHASE_STRIP = NO;
				DEBUG_INFORMATION_FORMAT = dwarf;
				ENABLE_STRICT_OBJC_MSGSEND = YES;
				ENABLE_TESTABILITY = YES;
				GCC_C_LANGUAGE_STANDARD = gnu11;
				GCC_DYNAMIC_NO_PIC = NO;
				GCC_NO_COMMON_BLOCKS = YES;
				GCC_OPTIMIZATION_LEVEL = 0;
				GCC_PREPROCESSOR_DEFINITIONS = (
					"DEBUG=1",
					"$(inherited)",
				);
				GCC_WARN_64_TO_32_BIT_CONVERSION = YES;
				GCC_WARN_ABOUT_RETURN_TYPE = YES_ERROR;
				GCC_WARN_UNDECLARED_SELECTOR = YES;
				GCC_WARN_UNINITIALIZED_AUTOS = YES_AGGRESSIVE;
				GCC_WARN_UNUSED_FUNCTION = YES;
				GCC_WARN_UNUSED_VARIABLE = YES;
				IPHONEOS_DEPLOYMENT_TARGET = 13.5;
				MTL_ENABLE_DEBUG_INFO = INCLUDE_SOURCE;
				MTL_FAST_MATH = YES;
				ONLY_ACTIVE_ARCH = YES;
				SDKROOT = iphoneos;
				SWIFT_ACTIVE_COMPILATION_CONDITIONS = DEBUG;
				SWIFT_OPTIMIZATION_LEVEL = "-Onone";
			};
			name = Debug;
		};
		2DA8C2672511B5AB009859A1 /* Release */ = {
			isa = XCBuildConfiguration;
			buildSettings = {
				ALWAYS_SEARCH_USER_PATHS = NO;
				CLANG_ANALYZER_NONNULL = YES;
				CLANG_ANALYZER_NUMBER_OBJECT_CONVERSION = YES_AGGRESSIVE;
				CLANG_CXX_LANGUAGE_STANDARD = "gnu++14";
				CLANG_CXX_LIBRARY = "libc++";
				CLANG_ENABLE_MODULES = YES;
				CLANG_ENABLE_OBJC_ARC = YES;
				CLANG_ENABLE_OBJC_WEAK = YES;
				CLANG_WARN_BLOCK_CAPTURE_AUTORELEASING = YES;
				CLANG_WARN_BOOL_CONVERSION = YES;
				CLANG_WARN_COMMA = YES;
				CLANG_WARN_CONSTANT_CONVERSION = YES;
				CLANG_WARN_DEPRECATED_OBJC_IMPLEMENTATIONS = YES;
				CLANG_WARN_DIRECT_OBJC_ISA_USAGE = YES_ERROR;
				CLANG_WARN_DOCUMENTATION_COMMENTS = YES;
				CLANG_WARN_EMPTY_BODY = YES;
				CLANG_WARN_ENUM_CONVERSION = YES;
				CLANG_WARN_INFINITE_RECURSION = YES;
				CLANG_WARN_INT_CONVERSION = YES;
				CLANG_WARN_NON_LITERAL_NULL_CONVERSION = YES;
				CLANG_WARN_OBJC_IMPLICIT_RETAIN_SELF = YES;
				CLANG_WARN_OBJC_LITERAL_CONVERSION = YES;
				CLANG_WARN_OBJC_ROOT_CLASS = YES_ERROR;
				CLANG_WARN_RANGE_LOOP_ANALYSIS = YES;
				CLANG_WARN_STRICT_PROTOTYPES = YES;
				CLANG_WARN_SUSPICIOUS_MOVE = YES;
				CLANG_WARN_UNGUARDED_AVAILABILITY = YES_AGGRESSIVE;
				CLANG_WARN_UNREACHABLE_CODE = YES;
				CLANG_WARN__DUPLICATE_METHOD_MATCH = YES;
				COPY_PHASE_STRIP = NO;
				DEBUG_INFORMATION_FORMAT = "dwarf-with-dsym";
				ENABLE_NS_ASSERTIONS = NO;
				ENABLE_STRICT_OBJC_MSGSEND = YES;
				GCC_C_LANGUAGE_STANDARD = gnu11;
				GCC_NO_COMMON_BLOCKS = YES;
				GCC_WARN_64_TO_32_BIT_CONVERSION = YES;
				GCC_WARN_ABOUT_RETURN_TYPE = YES_ERROR;
				GCC_WARN_UNDECLARED_SELECTOR = YES;
				GCC_WARN_UNINITIALIZED_AUTOS = YES_AGGRESSIVE;
				GCC_WARN_UNUSED_FUNCTION = YES;
				GCC_WARN_UNUSED_VARIABLE = YES;
				IPHONEOS_DEPLOYMENT_TARGET = 13.5;
				MTL_ENABLE_DEBUG_INFO = NO;
				MTL_FAST_MATH = YES;
				SDKROOT = iphoneos;
				SWIFT_COMPILATION_MODE = wholemodule;
				SWIFT_OPTIMIZATION_LEVEL = "-O";
				VALIDATE_PRODUCT = YES;
			};
			name = Release;
		};
		2DA8C2692511B5AB009859A1 /* Debug */ = {
			isa = XCBuildConfiguration;
			buildSettings = {
				ASSETCATALOG_COMPILER_APPICON_NAME = AppIcon;
				CODE_SIGN_STYLE = Automatic;
				DEVELOPMENT_TEAM = UQN7GH636G;
				INFOPLIST_FILE = SlideDownMenu/Info.plist;
				LD_RUNPATH_SEARCH_PATHS = (
					"$(inherited)",
					"@executable_path/Frameworks",
				);
				PRODUCT_BUNDLE_IDENTIFIER = com.tuffytiffany.SlideDownMenu;
				PRODUCT_NAME = "$(TARGET_NAME)";
				SWIFT_VERSION = 5.0;
				TARGETED_DEVICE_FAMILY = "1,2";
			};
			name = Debug;
		};
		2DA8C26A2511B5AB009859A1 /* Release */ = {
			isa = XCBuildConfiguration;
			buildSettings = {
				ASSETCATALOG_COMPILER_APPICON_NAME = AppIcon;
				CODE_SIGN_STYLE = Automatic;
				DEVELOPMENT_TEAM = UQN7GH636G;
				INFOPLIST_FILE = SlideDownMenu/Info.plist;
				LD_RUNPATH_SEARCH_PATHS = (
					"$(inherited)",
					"@executable_path/Frameworks",
				);
				PRODUCT_BUNDLE_IDENTIFIER = com.tuffytiffany.SlideDownMenu;
				PRODUCT_NAME = "$(TARGET_NAME)";
				SWIFT_VERSION = 5.0;
				TARGETED_DEVICE_FAMILY = "1,2";
			};
			name = Release;
		};
		2DA8C26C2511B5AB009859A1 /* Debug */ = {
			isa = XCBuildConfiguration;
			buildSettings = {
				ALWAYS_EMBED_SWIFT_STANDARD_LIBRARIES = YES;
				BUNDLE_LOADER = "$(TEST_HOST)";
				CODE_SIGN_STYLE = Automatic;
				DEVELOPMENT_TEAM = UQN7GH636G;
				INFOPLIST_FILE = SlideDownMenuTests/Info.plist;
				IPHONEOS_DEPLOYMENT_TARGET = 13.5;
				LD_RUNPATH_SEARCH_PATHS = (
					"$(inherited)",
					"@executable_path/Frameworks",
					"@loader_path/Frameworks",
				);
				PRODUCT_BUNDLE_IDENTIFIER = com.tuffytiffany.SlideDownMenuTests;
				PRODUCT_NAME = "$(TARGET_NAME)";
				SWIFT_VERSION = 5.0;
				TARGETED_DEVICE_FAMILY = "1,2";
				TEST_HOST = "$(BUILT_PRODUCTS_DIR)/SlideDownMenu.app/SlideDownMenu";
			};
			name = Debug;
		};
		2DA8C26D2511B5AB009859A1 /* Release */ = {
			isa = XCBuildConfiguration;
			buildSettings = {
				ALWAYS_EMBED_SWIFT_STANDARD_LIBRARIES = YES;
				BUNDLE_LOADER = "$(TEST_HOST)";
				CODE_SIGN_STYLE = Automatic;
				DEVELOPMENT_TEAM = UQN7GH636G;
				INFOPLIST_FILE = SlideDownMenuTests/Info.plist;
				IPHONEOS_DEPLOYMENT_TARGET = 13.5;
				LD_RUNPATH_SEARCH_PATHS = (
					"$(inherited)",
					"@executable_path/Frameworks",
					"@loader_path/Frameworks",
				);
				PRODUCT_BUNDLE_IDENTIFIER = com.tuffytiffany.SlideDownMenuTests;
				PRODUCT_NAME = "$(TARGET_NAME)";
				SWIFT_VERSION = 5.0;
				TARGETED_DEVICE_FAMILY = "1,2";
				TEST_HOST = "$(BUILT_PRODUCTS_DIR)/SlideDownMenu.app/SlideDownMenu";
			};
			name = Release;
		};
		2DA8C26F2511B5AB009859A1 /* Debug */ = {
			isa = XCBuildConfiguration;
			buildSettings = {
				ALWAYS_EMBED_SWIFT_STANDARD_LIBRARIES = YES;
				CODE_SIGN_STYLE = Automatic;
				DEVELOPMENT_TEAM = UQN7GH636G;
				INFOPLIST_FILE = SlideDownMenuUITests/Info.plist;
				LD_RUNPATH_SEARCH_PATHS = (
					"$(inherited)",
					"@executable_path/Frameworks",
					"@loader_path/Frameworks",
				);
				PRODUCT_BUNDLE_IDENTIFIER = com.tuffytiffany.SlideDownMenuUITests;
				PRODUCT_NAME = "$(TARGET_NAME)";
				SWIFT_VERSION = 5.0;
				TARGETED_DEVICE_FAMILY = "1,2";
				TEST_TARGET_NAME = SlideDownMenu;
			};
			name = Debug;
		};
		2DA8C2702511B5AB009859A1 /* Release */ = {
			isa = XCBuildConfiguration;
			buildSettings = {
				ALWAYS_EMBED_SWIFT_STANDARD_LIBRARIES = YES;
				CODE_SIGN_STYLE = Automatic;
				DEVELOPMENT_TEAM = UQN7GH636G;
				INFOPLIST_FILE = SlideDownMenuUITests/Info.plist;
				LD_RUNPATH_SEARCH_PATHS = (
					"$(inherited)",
					"@executable_path/Frameworks",
					"@loader_path/Frameworks",
				);
				PRODUCT_BUNDLE_IDENTIFIER = com.tuffytiffany.SlideDownMenuUITests;
				PRODUCT_NAME = "$(TARGET_NAME)";
				SWIFT_VERSION = 5.0;
				TARGETED_DEVICE_FAMILY = "1,2";
				TEST_TARGET_NAME = SlideDownMenu;
			};
			name = Release;
		};
/* End XCBuildConfiguration section */

/* Begin XCConfigurationList section */
		2DA8C2392511B5A8009859A1 /* Build configuration list for PBXProject "SlideDownMenu" */ = {
			isa = XCConfigurationList;
			buildConfigurations = (
				2DA8C2662511B5AB009859A1 /* Debug */,
				2DA8C2672511B5AB009859A1 /* Release */,
			);
			defaultConfigurationIsVisible = 0;
			defaultConfigurationName = Release;
		};
		2DA8C2682511B5AB009859A1 /* Build configuration list for PBXNativeTarget "SlideDownMenu" */ = {
			isa = XCConfigurationList;
			buildConfigurations = (
				2DA8C2692511B5AB009859A1 /* Debug */,
				2DA8C26A2511B5AB009859A1 /* Release */,
			);
			defaultConfigurationIsVisible = 0;
			defaultConfigurationName = Release;
		};
		2DA8C26B2511B5AB009859A1 /* Build configuration list for PBXNativeTarget "SlideDownMenuTests" */ = {
			isa = XCConfigurationList;
			buildConfigurations = (
				2DA8C26C2511B5AB009859A1 /* Debug */,
				2DA8C26D2511B5AB009859A1 /* Release */,
			);
			defaultConfigurationIsVisible = 0;
			defaultConfigurationName = Release;
		};
		2DA8C26E2511B5AB009859A1 /* Build configuration list for PBXNativeTarget "SlideDownMenuUITests" */ = {
			isa = XCConfigurationList;
			buildConfigurations = (
				2DA8C26F2511B5AB009859A1 /* Debug */,
				2DA8C2702511B5AB009859A1 /* Release */,
			);
			defaultConfigurationIsVisible = 0;
			defaultConfigurationName = Release;
		};
/* End XCConfigurationList section */
	};
	rootObject = 2DA8C2362511B5A8009859A1 /* Project object */;
}
